# Image pins (spec §2.2, §2.4, ADR-0029): registry-agnostic name + digest —
# what `registry mirror` puts in the release registry and `apply` pulls by
# digest. Two kinds. A mirrored pin records the upstream tracking tag
# (`source`) and the multi-platform index digest it resolved to when pinned,
# copied byte-for-byte with `skopeo copy --all --preserve-digests`. A built
# pin records the Dockerfile directory (`build`), the mirrored base it starts
# FROM (`base` + `base_digest`, kept in the same repository under its tag),
# its build inputs (`build_args`, each watched upstream per `watch`), a digest
# over those inputs (`inputs_digest`), and the digest of the image
# `python3 -m tools.imagebuild <name>` pushed (`digest`) — both `unbuilt`
# until the first build. The pin watch (ADR-0031) proposes the next value as
# a pull request; the resolution record lives in git history and in each bump
# pull request. The release registry's own image is `host.lock`'s, never
# listed here.
version: 1
images:
  caddy:
    source: docker.io/library/caddy:2.11
    digest: sha256:df7f1c2fb114453b951de51a98efc010db1655a92c2e86be6706714e2417a78d
  open-webui:
    source: ghcr.io/open-webui/open-webui:v0.11.3
    digest: sha256:751b617714b91e4cfd0186a509c72480c858e012976103b09a30dad053c36175
  # The generator's engine (spec §5.2, ADR-0009): vLLM's published image,
  # resolved on the box with `skopeo inspect` on 2026-09-04 — a multi-platform
  # index (amd64 and arm64) the mirror copies whole. The pin watch proposes
  # the newest same-shape tag; a person completes the bump only after the
  # engine has come up healthy on the box under the new image and, from
  # slice-1 ticket 12, after `engine verify` passes — an engine-image change
  # is §6.7's trigger.
  vllm-openai:
    source: docker.io/vllm/vllm-openai:v0.27.1
    digest: sha256:0a51ea5b4ae2dc5d81890e5173f54203d2a3ae0cfffe51b8fd2afd4391bfd967
  # General's metasearch (spec §15, §20.1, [06] item 9; slice-1 ticket 15):
  # SearXNG's published image, run as shipped, resolved on the box with
  # `skopeo inspect` on 2026-09-08 — a three-platform index (amd64, arm64,
  # arm/v7) the mirror copies whole. Its tag is the source commit's committer
  # date with leading zeros dropped, a dash, and the short commit hash
  # (`<year>.<month>.<day>-<hash>`), the same index on Docker Hub and GHCR;
  # upstream builds more than once on many days, so the pin watch's
  # dated-commit shape proposes the newest date and breaks a same-date tie by
  # each candidate's image-configuration `created` time, refusing an unbroken
  # tie. A person completes the bump after the service has come up healthy on
  # the box and one search has run through it (docs/research/
  # searxng-service-and-owui-search.md §1).
  searxng:
    source: docker.io/searxng/searxng:2026.9.7-3e454637f
    digest: sha256:1dab138ea70a8ceb4d1c182f5c8f256088406c1742b99e279976157dbe1e9759
  # The observability tier (spec §19.5, slice-0 ticket 07): seven mirrored
  # pins resolved on the box with `skopeo inspect --raw` on 2026-09-03. Docker
  # Hub wherever the upstream publishes there; the DCGM exporter is nvcr.io
  # only and cAdvisor moved to GHCR at v0.53.0.
  prometheus:
    source: docker.io/prom/prometheus:v3.14.0
    digest: sha256:5ce7540c3c00ef4ab0c9d2c995c6a5b9c421f44b4a115d97a2c7af3b1c21cbb0
  grafana:
    source: docker.io/grafana/grafana-oss:13.0.2
    digest: sha256:5dad0df181cb644a14e13617b913b261a54f7d4fd4510721dba420929f35bea2
  node-exporter:
    source: docker.io/prom/node-exporter:v1.12.1
    digest: sha256:1b4e4438faca4dd7e001dd445d161a4a2091b0fededa84093b3a8dfeae1f1be0
  dcgm-exporter:
    source: nvcr.io/nvidia/k8s/dcgm-exporter:4.6.0-4.8.3-distroless
    digest: sha256:613ab03c11d442fd960ff515f547e9921537454a712d08160bc8f677f89f1c35
  postgres-exporter:
    source: docker.io/prometheuscommunity/postgres-exporter:v0.20.1
    digest: sha256:ac5ec343104fae0e2d84a27bb8d69b38430a11910c5382cad85d478d2bab713e
  cadvisor:
    source: ghcr.io/google/cadvisor:v0.60.5
    digest: sha256:763aecf1c32c2be8a1a75f9abfc2fc461005c9dbbaa39cb356b354aac1296dbe
  blackbox-exporter:
    source: docker.io/prom/blackbox-exporter:v0.28.0
    digest: sha256:e753ff9f3fc458d02cca5eddab5a77e1c175eee484a8925ac7d524f04366c2fc
  postgres:
    build: images/postgres
    base: docker.io/library/postgres:18
    base_digest: sha256:4ef4dbc939d61acea57712655ddb4b4ab27419c913f94cca0cd57cb3ea3c2280
    build_args:
      PGBACKREST_VERSION: 2.59.1-1.pgdg13+1
    watch:
      PGBACKREST_VERSION:
        apt_index: https://apt.postgresql.org/pub/repos/apt/dists/trixie-pgdg/main/binary-amd64/Packages
        package: pgbackrest
    inputs_digest: sha256:a2bc701e38ece034985f160849718fd2cd31b248ce06020799c7a075e2e4aa01
    digest: sha256:8f7b5321069a4d783752e99d0350eb448ec67406bb9b691ab30c622dab017ea3
